
Microsoft Visual Studio Solution File, Format Version 12.00
# Visual Studio Version 17
VisualStudioVersion = 17.7.34031.279
MinimumVisualStudioVersion = 10.0.40219.1
Project("{9A19103F-16F7-4668-BE54-9A1E7A4F7556}") = "SongList.Api", "SongList.Api\SongList.Api.csproj", "{DDF8889B-F020-4C45-AC6E-D0C064689FF8}"
EndProject
Project("{9A19103F-16F7-4668-BE54-9A1E7A4F7556}") = "SongList.Domain", "SongList.Domain\SongList.Domain.csproj", "{3B8C9AF0-BE24-429B-BD8C-6AC910381D17}"
EndProject
Project("{9A19103F-16F7-4668-BE54-9A1E7A4F7556}") = "SongList.Infrastructure", "SongList.Infrastructure\SongList.Infrastructure.csproj", "{078A4757-4F94-4621-846C-9CBC1203C39B}"
EndProject
Project("{FAE04EC0-301F-11D3-BF4B-00C04F79EFBC}") = "SongList.Application", "SongList.Application\SongList.Application.csproj", "{064522CC-2179-4177-B42F-F6A14179E608}"
EndProject
Project("{FAE04EC0-301F-11D3-BF4B-00C04F79EFBC}") = "SongList.Helpers", "SongList.Helpers\SongList.Helpers.csproj", "{52538B1B-8E76-4FF2-B2A0-B86E5B495690}"
EndProject
Global
	GlobalSection(SolutionConfigurationPlatforms) = preSolution
		Debug|Any CPU = Debug|Any CPU
		Release|Any CPU = Release|Any CPU
	EndGlobalSection
	GlobalSection(ProjectConfigurationPlatforms) = postSolution
		{DDF8889B-F020-4C45-AC6E-D0C064689FF8}.Debug|Any CPU.ActiveCfg = Debug|Any CPU
		{DDF8889B-F020-4C45-AC6E-D0C064689FF8}.Debug|Any CPU.Build.0 = Debug|Any CPU
		{DDF8889B-F020-4C45-AC6E-D0C064689FF8}.Release|Any CPU.ActiveCfg = Release|Any CPU
		{DDF8889B-F020-4C45-AC6E-D0C064689FF8}.Release|Any CPU.Build.0 = Release|Any CPU
		{3B8C9AF0-BE24-429B-BD8C-6AC910381D17}.Debug|Any CPU.ActiveCfg = Debug|Any CPU
		{3B8C9AF0-BE24-429B-BD8C-6AC910381D17}.Debug|Any CPU.Build.0 = Debug|Any CPU
		{3B8C9AF0-BE24-429B-BD8C-6AC910381D17}.Release|Any CPU.ActiveCfg = Release|Any CPU
		{3B8C9AF0-BE24-429B-BD8C-6AC910381D17}.Release|Any CPU.Build.0 = Release|Any CPU
		{078A4757-4F94-4621-846C-9CBC1203C39B}.Debug|Any CPU.ActiveCfg = Debug|Any CPU
		{078A4757-4F94-4621-846C-9CBC1203C39B}.Debug|Any CPU.Build.0 = Debug|Any CPU
		{078A4757-4F94-4621-846C-9CBC1203C39B}.Release|Any CPU.ActiveCfg = Release|Any CPU
		{078A4757-4F94-4621-846C-9CBC1203C39B}.Release|Any CPU.Build.0 = Release|Any CPU
		{064522CC-2179-4177-B42F-F6A14179E608}.Debug|Any CPU.ActiveCfg = Debug|Any CPU
		{064522CC-2179-4177-B42F-F6A14179E608}.Debug|Any CPU.Build.0 = Debug|Any CPU
		{064522CC-2179-4177-B42F-F6A14179E608}.Release|Any CPU.ActiveCfg = Release|Any CPU
		{064522CC-2179-4177-B42F-F6A14179E608}.Release|Any CPU.Build.0 = Release|Any CPU
		{52538B1B-8E76-4FF2-B2A0-B86E5B495690}.Debug|Any CPU.ActiveCfg = Debug|Any CPU
		{52538B1B-8E76-4FF2-B2A0-B86E5B495690}.Debug|Any CPU.Build.0 = Debug|Any CPU
		{52538B1B-8E76-4FF2-B2A0-B86E5B495690}.Release|Any CPU.ActiveCfg = Release|Any CPU
		{52538B1B-8E76-4FF2-B2A0-B86E5B495690}.Release|Any CPU.Build.0 = Release|Any CPU
	EndGlobalSection
	GlobalSection(SolutionProperties) = preSolution
		HideSolutionNode = FALSE
	EndGlobalSection
	GlobalSection(ExtensibilityGlobals) = postSolution
		SolutionGuid = {3212C17F-DDAB-4B96-8A5E-28B2DF983B65}
	EndGlobalSection
EndGlobal
