
Microsoft Visual Studio Solution File, Format Version 12.00
# Visual Studio Version 17
VisualStudioVersion = 17.7.34031.279
MinimumVisualStudioVersion = 10.0.40219.1
Project("{FAE04EC0-301F-11D3-BF4B-00C04F79EFBC}") = "VehiclesApi", "VehiclesApi\VehiclesApi.csproj", "{CEE9463A-C109-4A8F-9CDD-8F51AE8855AE}"
EndProject
Global
	GlobalSection(SolutionConfigurationPlatforms) = preSolution
		Debug|Any CPU = Debug|Any CPU
		Release|Any CPU = Release|Any CPU
	EndGlobalSection
	GlobalSection(ProjectConfigurationPlatforms) = postSolution
		{CEE9463A-C109-4A8F-9CDD-8F51AE8855AE}.Debug|Any CPU.ActiveCfg = Debug|Any CPU
		{CEE9463A-C109-4A8F-9CDD-8F51AE8855AE}.Debug|Any CPU.Build.0 = Debug|Any CPU
		{CEE9463A-C109-4A8F-9CDD-8F51AE8855AE}.Release|Any CPU.ActiveCfg = Release|Any CPU
		{CEE9463A-C109-4A8F-9CDD-8F51AE8855AE}.Release|Any CPU.Build.0 = Release|Any CPU
	EndGlobalSection
	GlobalSection(SolutionProperties) = preSolution
		HideSolutionNode = FALSE
	EndGlobalSection
	GlobalSection(ExtensibilityGlobals) = postSolution
		SolutionGuid = {E07FA3C9-7C16-4B9B-9E5C-7337406FE398}
	EndGlobalSection
EndGlobal
